
Microsoft Visual Studio Solution File, Format Version 12.00
# Visual Studio Version 17
VisualStudioVersion = 17.1.32210.238
MinimumVisualStudioVersion = 10.0.40219.1
Project("{FAE04EC0-301F-11D3-BF4B-00C04F79EFBC}") = "Smart POS_X", "Smart POS_X.csproj", "{588B5878-BCC6-4BF2-AF33-FA81E8AE6FC0}"
EndProject
Global
	GlobalSection(SolutionConfigurationPlatforms) = preSolution
		Debug|Any CPU = Debug|Any CPU
		Release|Any CPU = Release|Any CPU
	EndGlobalSection
	GlobalSection(ProjectConfigurationPlatforms) = postSolution
		{588B5878-BCC6-4BF2-AF33-FA81E8AE6FC0}.Debug|Any CPU.ActiveCfg = Debug|Any CPU
		{588B5878-BCC6-4BF2-AF33-FA81E8AE6FC0}.Debug|Any CPU.Build.0 = Debug|Any CPU
		{588B5878-BCC6-4BF2-AF33-FA81E8AE6FC0}.Release|Any CPU.ActiveCfg = Release|Any CPU
		{588B5878-BCC6-4BF2-AF33-FA81E8AE6FC0}.Release|Any CPU.Build.0 = Release|Any CPU
	EndGlobalSection
	GlobalSection(SolutionProperties) = preSolution
		HideSolutionNode = FALSE
	EndGlobalSection
	GlobalSection(ExtensibilityGlobals) = postSolution
		SolutionGuid = {A2D2506A-FE88-4E56-B68A-C5CF7E858AA5}
	EndGlobalSection
EndGlobal
